
Microsoft Visual Studio Solution File, Format Version 12.00
# Visual Studio Version 16
VisualStudioVersion = 16.0.30621.155
MinimumVisualStudioVersion = 10.0.40219.1
Project("{FAE04EC0-301F-11D3-BF4B-00C04F79EFBC}") = "DB", "DB\DB.csproj", "{7BD439E1-C6CD-47A1-B502-3D874FC5A686}"
EndProject
Project("{FAE04EC0-301F-11D3-BF4B-00C04F79EFBC}") = "Forms", "Forms\Forms.csproj", "{8E16E0C5-7EEE-4464-9F3E-FD9336EE21AA}"
EndProject
Project("{FAE04EC0-301F-11D3-BF4B-00C04F79EFBC}") = "Demo", "Demo\Demo.csproj", "{215747EF-DA9E-4A24-BDBD-2E2435F56E13}"
EndProject
Project("{FAE04EC0-301F-11D3-BF4B-00C04F79EFBC}") = "FormFactory", "FormFactory\FormFactory.csproj", "{67455F15-F1BC-4F7D-A019-6E79A2B2D022}"
EndProject
Global
	GlobalSection(SolutionConfigurationPlatforms) = preSolution
		Debug|Any CPU = Debug|Any CPU
		Release|Any CPU = Release|Any CPU
	EndGlobalSection
	GlobalSection(ProjectConfigurationPlatforms) = postSolution
		{7BD439E1-C6CD-47A1-B502-3D874FC5A686}.Debug|Any CPU.ActiveCfg = Debug|Any CPU
		{7BD439E1-C6CD-47A1-B502-3D874FC5A686}.Debug|Any CPU.Build.0 = Debug|Any CPU
		{7BD439E1-C6CD-47A1-B502-3D874FC5A686}.Release|Any CPU.ActiveCfg = Release|Any CPU
		{7BD439E1-C6CD-47A1-B502-3D874FC5A686}.Release|Any CPU.Build.0 = Release|Any CPU
		{8E16E0C5-7EEE-4464-9F3E-FD9336EE21AA}.Debug|Any CPU.ActiveCfg = Debug|Any CPU
		{8E16E0C5-7EEE-4464-9F3E-FD9336EE21AA}.Debug|Any CPU.Build.0 = Debug|Any CPU
		{8E16E0C5-7EEE-4464-9F3E-FD9336EE21AA}.Release|Any CPU.ActiveCfg = Release|Any CPU
		{8E16E0C5-7EEE-4464-9F3E-FD9336EE21AA}.Release|Any CPU.Build.0 = Release|Any CPU
		{215747EF-DA9E-4A24-BDBD-2E2435F56E13}.Debug|Any CPU.ActiveCfg = Debug|Any CPU
		{215747EF-DA9E-4A24-BDBD-2E2435F56E13}.Debug|Any CPU.Build.0 = Debug|Any CPU
		{215747EF-DA9E-4A24-BDBD-2E2435F56E13}.Release|Any CPU.ActiveCfg = Release|Any CPU
		{215747EF-DA9E-4A24-BDBD-2E2435F56E13}.Release|Any CPU.Build.0 = Release|Any CPU
		{67455F15-F1BC-4F7D-A019-6E79A2B2D022}.Debug|Any CPU.ActiveCfg = Debug|Any CPU
		{67455F15-F1BC-4F7D-A019-6E79A2B2D022}.Debug|Any CPU.Build.0 = Debug|Any CPU
		{67455F15-F1BC-4F7D-A019-6E79A2B2D022}.Release|Any CPU.ActiveCfg = Release|Any CPU
		{67455F15-F1BC-4F7D-A019-6E79A2B2D022}.Release|Any CPU.Build.0 = Release|Any CPU
	EndGlobalSection
	GlobalSection(SolutionProperties) = preSolution
		HideSolutionNode = FALSE
	EndGlobalSection
	GlobalSection(ExtensibilityGlobals) = postSolution
		SolutionGuid = {14D90EB6-802C-418D-BA11-9D8E3E9C1E39}
	EndGlobalSection
EndGlobal
